
Microsoft Visual Studio Solution File, Format Version 12.00
# Visual Studio Version 17
VisualStudioVersion = 17.1.32210.238
MinimumVisualStudioVersion = 10.0.40219.1
Project("{FAE04EC0-301F-11D3-BF4B-00C04F79EFBC}") = "shopping", "shopping\shopping.csproj", "{3F56D0BD-C2CA-41BD-B649-16FC089ED727}"
EndProject
Global
	GlobalSection(SolutionConfigurationPlatforms) = preSolution
		Debug|Any CPU = Debug|Any CPU
		Release|Any CPU = Release|Any CPU
	EndGlobalSection
	GlobalSection(ProjectConfigurationPlatforms) = postSolution
		{3F56D0BD-C2CA-41BD-B649-16FC089ED727}.Debug|Any CPU.ActiveCfg = Debug|Any CPU
		{3F56D0BD-C2CA-41BD-B649-16FC089ED727}.Debug|Any CPU.Build.0 = Debug|Any CPU
		{3F56D0BD-C2CA-41BD-B649-16FC089ED727}.Release|Any CPU.ActiveCfg = Release|Any CPU
		{3F56D0BD-C2CA-41BD-B649-16FC089ED727}.Release|Any CPU.Build.0 = Release|Any CPU
	EndGlobalSection
	GlobalSection(SolutionProperties) = preSolution
		HideSolutionNode = FALSE
	EndGlobalSection
	GlobalSection(ExtensibilityGlobals) = postSolution
		SolutionGuid = {1369D8BE-6BE6-4400-8AFF-A168A7127020}
	EndGlobalSection
EndGlobal
